
Microsoft Visual Studio Solution File, Format Version 12.00
# Visual Studio Version 16
VisualStudioVersion = 16.0.30114.105
MinimumVisualStudioVersion = 10.0.40219.1
Project("{FAE04EC0-301F-11D3-BF4B-00C04F79EFBC}") = "MeltySynth", "..\ext\MeltySynth\MeltySynth\MeltySynth.csproj", "{035F14D3-8960-4E98-9F58-AE2F4EBA8E35}"
EndProject
Project("{FAE04EC0-301F-11D3-BF4B-00C04F79EFBC}") = "Gba2Wav", "Gba2Wav\Gba2Wav.csproj", "{20D12DA3-92B4-4662-BBEF-54E43D85A96C}"
EndProject
Project("{FAE04EC0-301F-11D3-BF4B-00C04F79EFBC}") = "GbaMus", "..\ext\GbaMus\GbaMus\GbaMus.csproj", "{888E82C3-8E37-4545-89DD-FDDC2D6EE1F0}"
EndProject
Project("{FAE04EC0-301F-11D3-BF4B-00C04F79EFBC}") = "GbaSnd", "GbaSnd\GbaSnd.csproj", "{50BA53FC-F8E2-4BD2-8D0E-2FF252484223}"
EndProject
Project("{FAE04EC0-301F-11D3-BF4B-00C04F79EFBC}") = "Playful.Gba", "Playful.Gba\Playful.Gba.csproj", "{6267280E-C359-4833-A5A4-E05DF64B996E}"
EndProject
Project("{FAE04EC0-301F-11D3-BF4B-00C04F79EFBC}") = "Playful", "..\audio\Playful\Playful.csproj", "{A400C6B8-96DA-48C6-AA39-2D4198DA8BCE}"
EndProject
Project("{FAE04EC0-301F-11D3-BF4B-00C04F79EFBC}") = "norco", "..\audio\norco\norco.csproj", "{50BEBC5F-4F92-4956-9B76-C52FB736F92A}"
EndProject
Project("{FAE04EC0-301F-11D3-BF4B-00C04F79EFBC}") = "norcoremote", "..\audio\norcoremote\norcoremote.csproj", "{6EF501C4-A209-4B02-8170-FAC6813CC6AF}"
EndProject
Global
	GlobalSection(SolutionConfigurationPlatforms) = preSolution
		Debug|Any CPU = Debug|Any CPU
		Release|Any CPU = Release|Any CPU
	EndGlobalSection
	GlobalSection(SolutionProperties) = preSolution
		HideSolutionNode = FALSE
	EndGlobalSection
	GlobalSection(ProjectConfigurationPlatforms) = postSolution
		{035F14D3-8960-4E98-9F58-AE2F4EBA8E35}.Debug|Any CPU.ActiveCfg = Debug|Any CPU
		{035F14D3-8960-4E98-9F58-AE2F4EBA8E35}.Debug|Any CPU.Build.0 = Debug|Any CPU
		{035F14D3-8960-4E98-9F58-AE2F4EBA8E35}.Release|Any CPU.ActiveCfg = Release|Any CPU
		{035F14D3-8960-4E98-9F58-AE2F4EBA8E35}.Release|Any CPU.Build.0 = Release|Any CPU
		{20D12DA3-92B4-4662-BBEF-54E43D85A96C}.Debug|Any CPU.ActiveCfg = Debug|Any CPU
		{20D12DA3-92B4-4662-BBEF-54E43D85A96C}.Debug|Any CPU.Build.0 = Debug|Any CPU
		{20D12DA3-92B4-4662-BBEF-54E43D85A96C}.Release|Any CPU.ActiveCfg = Release|Any CPU
		{20D12DA3-92B4-4662-BBEF-54E43D85A96C}.Release|Any CPU.Build.0 = Release|Any CPU
		{888E82C3-8E37-4545-89DD-FDDC2D6EE1F0}.Debug|Any CPU.ActiveCfg = Debug|Any CPU
		{888E82C3-8E37-4545-89DD-FDDC2D6EE1F0}.Debug|Any CPU.Build.0 = Debug|Any CPU
		{888E82C3-8E37-4545-89DD-FDDC2D6EE1F0}.Release|Any CPU.ActiveCfg = Release|Any CPU
		{888E82C3-8E37-4545-89DD-FDDC2D6EE1F0}.Release|Any CPU.Build.0 = Release|Any CPU
		{50BA53FC-F8E2-4BD2-8D0E-2FF252484223}.Debug|Any CPU.ActiveCfg = Debug|Any CPU
		{50BA53FC-F8E2-4BD2-8D0E-2FF252484223}.Debug|Any CPU.Build.0 = Debug|Any CPU
		{50BA53FC-F8E2-4BD2-8D0E-2FF252484223}.Release|Any CPU.ActiveCfg = Release|Any CPU
		{50BA53FC-F8E2-4BD2-8D0E-2FF252484223}.Release|Any CPU.Build.0 = Release|Any CPU
		{6267280E-C359-4833-A5A4-E05DF64B996E}.Debug|Any CPU.ActiveCfg = Debug|Any CPU
		{6267280E-C359-4833-A5A4-E05DF64B996E}.Debug|Any CPU.Build.0 = Debug|Any CPU
		{6267280E-C359-4833-A5A4-E05DF64B996E}.Release|Any CPU.ActiveCfg = Release|Any CPU
		{6267280E-C359-4833-A5A4-E05DF64B996E}.Release|Any CPU.Build.0 = Release|Any CPU
		{A400C6B8-96DA-48C6-AA39-2D4198DA8BCE}.Debug|Any CPU.ActiveCfg = Debug|Any CPU
		{A400C6B8-96DA-48C6-AA39-2D4198DA8BCE}.Debug|Any CPU.Build.0 = Debug|Any CPU
		{A400C6B8-96DA-48C6-AA39-2D4198DA8BCE}.Release|Any CPU.ActiveCfg = Release|Any CPU
		{A400C6B8-96DA-48C6-AA39-2D4198DA8BCE}.Release|Any CPU.Build.0 = Release|Any CPU
		{50BEBC5F-4F92-4956-9B76-C52FB736F92A}.Debug|Any CPU.ActiveCfg = Debug|Any CPU
		{50BEBC5F-4F92-4956-9B76-C52FB736F92A}.Debug|Any CPU.Build.0 = Debug|Any CPU
		{50BEBC5F-4F92-4956-9B76-C52FB736F92A}.Release|Any CPU.ActiveCfg = Release|Any CPU
		{50BEBC5F-4F92-4956-9B76-C52FB736F92A}.Release|Any CPU.Build.0 = Release|Any CPU
		{6EF501C4-A209-4B02-8170-FAC6813CC6AF}.Debug|Any CPU.ActiveCfg = Debug|Any CPU
		{6EF501C4-A209-4B02-8170-FAC6813CC6AF}.Debug|Any CPU.Build.0 = Debug|Any CPU
		{6EF501C4-A209-4B02-8170-FAC6813CC6AF}.Release|Any CPU.ActiveCfg = Release|Any CPU
		{6EF501C4-A209-4B02-8170-FAC6813CC6AF}.Release|Any CPU.Build.0 = Release|Any CPU
	EndGlobalSection
EndGlobal
