<Solution>
  <Configurations>
    <Platform Name="Any CPU" />
    <Platform Name="x64" />
    <Platform Name="x86" />
  </Configurations>
  <Project Path="Gba2Wav/Gba2Wav.csproj" />
  <Project Path="GbaSnd/GbaSnd.csproj" />
  <Project Path="norco/norco.csproj" />
  <Project Path="Playful/Playful.csproj" />
  <Project Path="Playful.Gba/Playful.Gba.csproj" />
  <Project Path="../ext/GbaMus/GbaMus/GbaMus.csproj" />
  <Project Path="../ext/MeltySynth/MeltySynth/MeltySynth.csproj" />
</Solution>
